{
  "pins" : [
    {
      "identity" : "nativeblocks-ios-sdk",
      "kind" : "remoteSourceControl",
      "location" : "https://github.com/nativeblocks/nativeblocks-ios-sdk",
      "state" : {
        "revision" : "bf8f828442b970f1a9f8dcf5e5dc71928c44d62d",
        "version" : "1.3.2"
      }
    }
  ],
  "version" : 2
}
