{
  "pins" : [
    {
      "identity" : "nativeblocks-ios-sdk",
      "kind" : "remoteSourceControl",
      "location" : "https://github.com/nativeblocks/nativeblocks-ios-sdk",
      "state" : {
        "revision" : "fd8748e339d367d857d2e3f1869fe611432f0748",
        "version" : "1.4.1"
      }
    }
  ],
  "version" : 2
}
