{
  "pins" : [
    {
      "identity" : "nativeblocks-ios-sdk",
      "kind" : "remoteSourceControl",
      "location" : "https://github.com/nativeblocks/nativeblocks-ios-sdk",
      "state" : {
        "revision" : "298321bd879d24acf4b11e7442d19b3050cce974",
        "version" : "1.3.2"
      }
    }
  ],
  "version" : 2
}
